
Microsoft Visual Studio Solution File, Format Version 12.00
# Visual Studio 2012
Project("{FAE04EC0-301F-11D3-BF4B-00C04F79EFBC}") = "aspWebProj7", "aspWebProj7\aspWebProj7.csproj", "{84775807-2878-459E-A913-7E6A7F544720}"
EndProject
Global
	GlobalSection(SolutionConfigurationPlatforms) = preSolution
		Debug|Any CPU = Debug|Any CPU
		Release|Any CPU = Release|Any CPU
	EndGlobalSection
	GlobalSection(ProjectConfigurationPlatforms) = postSolution
		{84775807-2878-459E-A913-7E6A7F544720}.Debug|Any CPU.ActiveCfg = Debug|Any CPU
		{84775807-2878-459E-A913-7E6A7F544720}.Debug|Any CPU.Build.0 = Debug|Any CPU
		{84775807-2878-459E-A913-7E6A7F544720}.Release|Any CPU.ActiveCfg = Release|Any CPU
		{84775807-2878-459E-A913-7E6A7F544720}.Release|Any CPU.Build.0 = Release|Any CPU
	EndGlobalSection
	GlobalSection(SolutionProperties) = preSolution
		HideSolutionNode = FALSE
	EndGlobalSection
EndGlobal
